schema: '2.0'
stages:
  data_ingestion:
    cmd: python src/data_ingestion.py
    deps:
    - path: src/data_ingestion.py
      hash: md5
      md5: 5b57d7c0c889d6388978175f908ab3f7
      size: 3588
    params:
      params.yaml:
        data_ingestion.test_size: 0.3
    outs:
    - path: data/raw
      hash: md5
      md5: d26befd2dda9438254177d9000d9ba1f.dir
      size: 484846
      nfiles: 2
  pre-processing:
    cmd: python src/pre_processing.py
    deps:
    - path: data/raw
      hash: md5
      md5: d26befd2dda9438254177d9000d9ba1f.dir
      size: 484846
      nfiles: 2
    - path: src/pre_processing.py
      hash: md5
      md5: 0c7ad7b101c47e587becb4e170377bf1
      size: 3422
    outs:
    - path: data/interim
      hash: md5
      md5: 4ed1cde7e600444fb60f314e410632f0.dir
      size: 262513
      nfiles: 2
  feature_engineering:
    cmd: python src/feature_engineering.py
    deps:
    - path: data/interim
      hash: md5
      md5: 4ed1cde7e600444fb60f314e410632f0.dir
      size: 262513
      nfiles: 2
    - path: src/feature_engineering.py
      hash: md5
      md5: 6d99c974c81dffd6d9cdf1855daf2e03
      size: 4105
    params:
      params.yaml:
        feature_engineering.max_feature: 50
    outs:
    - path: data/processed
      hash: md5
      md5: 3fc30784ee5e282cfa1e205df1d88e00.dir
      size: 1187708
      nfiles: 2
  model_training:
    cmd: python src/model_training.py
    deps:
    - path: data/processed
      hash: md5
      md5: 3fc30784ee5e282cfa1e205df1d88e00.dir
      size: 1187708
      nfiles: 2
    - path: src/model_training.py
      hash: md5
      md5: 97ec2245a05234cfe5bf23a9d8b9fbd8
      size: 4361
    params:
      params.yaml:
        model_training.n_estimator: 25
        model_training.random_state: 2
    outs:
    - path: models/model.pkl
      hash: md5
      md5: ad0762fdd214dbd5f980f2b159393df9
      size: 886775
  model_evaluation:
    cmd: python src/model_evaluation.py
    deps:
    - path: models/model.pkl
      hash: md5
      md5: ad0762fdd214dbd5f980f2b159393df9
      size: 886775
    - path: src/model_evaluation.py
      hash: md5
      md5: c4e3ba0678078e7fd7e4a4a01fe7f07f
      size: 3329
    outs:
    - path: reports/metrics.json
      hash: md5
      md5: cb022d5a28b8ab74e9fa1b662e0651b1
      size: 145
