schema: '2.0'
stages:
  data_ingestion:
    cmd: python src/data_ingestion.py
    deps:
    - path: src/data_ingestion.py
      hash: md5
      md5: b358c40689503408aefefaf81942b66c
      size: 3489
    params:
      params.yaml:
        data_ingestion.test_size: 0.2
    outs:
    - path: data/raw
      hash: md5
      md5: 1a287d34dc172d9f950c03dae35f7e73.dir
      size: 484846
      nfiles: 2
  pre-processing:
    cmd: python src/pre_processing.py
    deps:
    - path: data/raw
      hash: md5
      md5: 1a287d34dc172d9f950c03dae35f7e73.dir
      size: 484846
      nfiles: 2
    - path: src/pre_processing.py
      hash: md5
      md5: 0c7ad7b101c47e587becb4e170377bf1
      size: 3422
    outs:
    - path: data/interim
      hash: md5
      md5: 8ed259138f3c056d702524291fe48ed5.dir
      size: 260073
      nfiles: 2
  feature_engineering:
    cmd: python src/feature_engineering.py
    deps:
    - path: data/interim
      hash: md5
      md5: 8ed259138f3c056d702524291fe48ed5.dir
      size: 260073
      nfiles: 2
    - path: src/feature_engineering.py
      hash: md5
      md5: 6d99c974c81dffd6d9cdf1855daf2e03
      size: 4105
    params:
      params.yaml:
        feature_engineering.max_feature: 50
    outs:
    - path: data/processed
      hash: md5
      md5: 0e0915c5fa2b27cec8a45c436251e8c9.dir
      size: 1179996
      nfiles: 2
  model_training:
    cmd: python src/model_training.py
    deps:
    - path: data/processed
      hash: md5
      md5: 0e0915c5fa2b27cec8a45c436251e8c9.dir
      size: 1179996
      nfiles: 2
    - path: src/model_training.py
      hash: md5
      md5: 97ec2245a05234cfe5bf23a9d8b9fbd8
      size: 4361
    params:
      params.yaml:
        model_training.n_estimator: 35
        model_training.random_state: 2
    outs:
    - path: models/model.pkl
      hash: md5
      md5: ea514be4a2582d4996d1810d4b84148a
      size: 1399330
  model_evaluation:
    cmd: python src/model_evaluation.py
    deps:
    - path: models/model.pkl
      hash: md5
      md5: ea514be4a2582d4996d1810d4b84148a
      size: 1399330
    - path: src/model_evaluation.py
      hash: md5
      md5: c0f39fa6b9765fa3b68a00b350e7f4f2
      size: 4144
    outs:
    - path: reports/metrics.json
      hash: md5
      md5: 8bbfaf98ba72ecd6733534c003ec8093
      size: 145
